
Microsoft Visual Studio Solution File, Format Version 12.00
# Visual Studio Version 17
VisualStudioVersion = 17.14.36327.8 d17.14
MinimumVisualStudioVersion = 10.0.40219.1
Project("{FAE04EC0-301F-11D3-BF4B-00C04F79EFBC}") = "BillsApi", "BillsApi\BillsApi.csproj", "{88DA20AF-B7E2-49EF-A2EF-7C99AC0CD283}"
EndProject
Global
	GlobalSection(SolutionConfigurationPlatforms) = preSolution
		Debug|Any CPU = Debug|Any CPU
		Release|Any CPU = Release|Any CPU
	EndGlobalSection
	GlobalSection(ProjectConfigurationPlatforms) = postSolution
		{88DA20AF-B7E2-49EF-A2EF-7C99AC0CD283}.Debug|Any CPU.ActiveCfg = Debug|Any CPU
		{88DA20AF-B7E2-49EF-A2EF-7C99AC0CD283}.Debug|Any CPU.Build.0 = Debug|Any CPU
		{88DA20AF-B7E2-49EF-A2EF-7C99AC0CD283}.Release|Any CPU.ActiveCfg = Release|Any CPU
		{88DA20AF-B7E2-49EF-A2EF-7C99AC0CD283}.Release|Any CPU.Build.0 = Release|Any CPU
	EndGlobalSection
	GlobalSection(SolutionProperties) = preSolution
		HideSolutionNode = FALSE
	EndGlobalSection
	GlobalSection(ExtensibilityGlobals) = postSolution
		SolutionGuid = {AC82E6E3-5222-4DC9-BCCE-71F3580CA82E}
	EndGlobalSection
EndGlobal
